{
  "version": 4,
  "terraform_version": "1.4.6",
  "serial": 153,
  "lineage": "7c9f3c04-4832-7329-5f3d-756eca74cda0",
  "outputs": {
    "ingress_controller_ip_address": {
      "value": "kubectl -n default get svc ingress-nginx",
      "type": "string"
    },
    "kube_config": {
      "value": "oci ce cluster create-kubeconfig --cluster-id ocid1.cluster.oc1.phx.aaaaaaaaien3rtcklbtmxwttyzndgq4s7grnd726rhkgchoipcfxvoy66b3q --file $HOME/.kube/config --region us-phoenix-1 --token-version 2.0.0  --kube-endpoint PUBLIC_ENDPOINT",
      "type": "string"
    }
  },
  "resources": [
    {
      "mode": "data",
      "type": "oci_containerengine_cluster_kube_config",
      "name": "virtual_cluster_kube_config",
      "provider": "provider[\"registry.terraform.io/hashicorp/oci\"]",
      "instances": [
        {
          "schema_version": 0,
          "attributes": {
            "cluster_id": "ocid1.cluster.oc1.phx.aaaaaaaaien3rtcklbtmxwttyzndgq4s7grnd726rhkgchoipcfxvoy66b3q",
            "content": "---\napiVersion: v1\nkind: \"\"\nclusters:\n- name: cluster-cfxvoy66b3q\n  cluster:\n    server: https://144.24.13.83:6443\n    certificate-authority-data: LS0tLS1CRUdJTiBDRVJUSUZJQ0FURS0tLS0tCk1JSURpVENDQW5HZ0F3SUJBZ0lSQVBwb1hueGhLWWNqRmJsL0dYNHFFS2d3RFFZSktvWklodmNOQVFFTEJRQXcKWGpFUE1BMEdBMVVFQXd3R1N6aHpJRU5CTVFzd0NRWURWUVFHRXdKVlV6RVBNQTBHQTFVRUJ3d0dRWFZ6ZEdsdQpNUTh3RFFZRFZRUUtEQVpQY21GamJHVXhEREFLQmdOVkJBc01BMDlqYVRFT01Bd0dBMVVFQ0F3RlZHVjRZWE13CkhoY05Nak13TlRBMU1qRTFOelUxV2hjTk1qZ3dOVEExTWpFMU56VTFXakJlTVE4d0RRWURWUVFEREFaTE9ITWcKUTBFeEN6QUpCZ05WQkFZVEFsVlRNUTh3RFFZRFZRUUhEQVpCZFhOMGFXNHhEekFOQmdOVkJBb01Cazl5WVdOcwpaVEVNTUFvR0ExVUVDd3dEVDJOcE1RNHdEQVlEVlFRSURBVlVaWGhoY3pDQ0FTSXdEUVlKS29aSWh2Y05BUUVCCkJRQURnZ0VQQURDQ0FRb0NnZ0VCQUt1Z05INVllZyttWUU1Zk10STlWOS9xRmFzd2Q0REpBZ0wxQWU1aEFEMVAKc21yQVhseHJ0TUsxUjZpUnQxOHEvb2F5d1VWazdpTHAyb0hUS2FoTDVCWnNEUmtMdEJFUXZJWkxNUnc2TjlHMwpYcXFhbU9GR3pkeENSeVNIZjhuckhxSGxQZlgrQVF5UndUNjNCU2hZdEpHWEZ3NEdkUG1pQWsrbHYrRkpTa3NECmJqdFhyNDFJQU84Mmg0SDNYYWpyVmp2WTVUTk1NRmtYS2p2L3lBTnUyTjlPWlFYVUhDK25EYkJzY2V2RTJpR2cKVmFPWVlyUi9Pd0NBcTMyN2tpdzdHMmhjUG43Q1VwZkNka2F3UDBidUl6UjFiMzJBT3A5Qnh1YzMyYzlFcXNkdApUSTExVFYyaG5Sd01CMk9NWUVkeTQ3bmtSdThkcVl0bmFtOTJGaFZaTmIwQ0F3RUFBYU5DTUVBd0R3WURWUjBUCkFRSC9CQVV3QXdFQi96QU9CZ05WSFE4QkFmOEVCQU1DQVFZd0hRWURWUjBPQkJZRUZHNHpsOUo2MW82MTNPbGgKV1BscHJRNGF6UUUwTUEwR0NTcUdTSWIzRFFFQkN3VUFBNElCQVFCc05yOTFnUjB2Y1J6TDJ2VG5meVZRNnc4bQo4Zk4rb0pIYTdkZE5GZHFlNm11NXR5dUhhaTh2NFRWV1hla2N4VUVFMGh6M1ZDSytaS2VvRUVSNnh3Wi8zZjFXCnBkUHd2V1pWQVNoSkRXTnd4TmZDU2xmc3NaWHFuR21pcUNXNFY5L1BzaEJuRy80Lys3MDdOYlBUWFhFcHoxb2IKaGVZVkpCYmo3T1ZDY3JpM2xEOUNBbjRPeHJucU8vN3NKaUVCWnkvdmdwalBsVlJsZEN6V1lQZDFTdnAvWXV5OApvdEp2djY2WTJSeU5URzROWXF2QzlYdXRxcklKRkNpZ1UrK2lDZU8xUEM3MEJxVW5maXM0cE02SVFXQ0t0bXY3CnVsRDc2UjVkbVl6a2s4UGNJVmJYZXluUmZtam1TSDBveG9hWmJiZzlwYU0xVkhEYUV6MjhSZUc5ZUJRYwotLS0tLUVORCBDRVJUSUZJQ0FURS0tLS0tCg==\nusers:\n- name: user-cfxvoy66b3q\n  user:\n    exec:\n      apiVersion: client.authentication.k8s.io/v1beta1\n      command: oci\n      args:\n      - ce\n      - cluster\n      - generate-token\n      - --cluster-id\n      - ocid1.cluster.oc1.phx.aaaaaaaaien3rtcklbtmxwttyzndgq4s7grnd726rhkgchoipcfxvoy66b3q\n      - --region\n      - us-phoenix-1\n      env: []\ncontexts:\n- name: context-cfxvoy66b3q\n  context:\n    cluster: cluster-cfxvoy66b3q\n    user: user-cfxvoy66b3q\ncurrent-context: context-cfxvoy66b3q\n",
            "endpoint": null,
            "expiration": null,
            "id": "ContainerengineClusterKubeConfigDataSource-1069552298",
            "token_version": null
          },
          "sensitive_attributes": []
        }
      ]
    },
    {
      "mode": "data",
      "type": "oci_core_services",
      "name": "all_oci_services",
      "provider": "provider[\"registry.terraform.io/hashicorp/oci\"]",
      "instances": [
        {
          "schema_version": 0,
          "attributes": {
            "filter": [
              {
                "name": "name",
                "regex": true,
                "values": [
                  "All .* Services In Oracle Services Network"
                ]
              }
            ],
            "id": "CoreServicesDataSource-0",
            "services": [
              {
                "cidr_block": "all-phx-services-in-oracle-services-network",
                "description": "All PHX Services In Oracle Services Network",
                "id": "ocid1.service.oc1.phx.aaaaaaaasgvxtsqcj2jkt2xppos637xym4ab5qqqptgwjd4guj7v3d26t7oa",
                "name": "All PHX Services In Oracle Services Network"
              }
            ]
          },
          "sensitive_attributes": []
        }
      ]
    },
    {
      "mode": "data",
      "type": "oci_identity_availability_domains",
      "name": "ad",
      "provider": "provider[\"registry.terraform.io/hashicorp/oci\"]",
      "instances": [
        {
          "schema_version": 0,
          "attributes": {
            "availability_domains": [
              {
                "compartment_id": "ocid1.tenancy.oc1..aaaaaaaajznex5attydtrmrgudwayqu7kn4krasw2ct4h4pwz7nwbfxoyd4q",
                "id": "ocid1.availabilitydomain.oc1..aaaaaaaac7uydq54rcymamzauv5pd23qk2g2vqlrfu5jd3y6i6qxpvvzkf7a",
                "name": "GrCh:PHX-AD-1"
              },
              {
                "compartment_id": "ocid1.tenancy.oc1..aaaaaaaajznex5attydtrmrgudwayqu7kn4krasw2ct4h4pwz7nwbfxoyd4q",
                "id": "ocid1.availabilitydomain.oc1..aaaaaaaaupx7ga46w4xbb3fnkoh7rtyumacyb3ek6bw7bt3qff3mgt3mbrlq",
                "name": "GrCh:PHX-AD-2"
              },
              {
                "compartment_id": "ocid1.tenancy.oc1..aaaaaaaajznex5attydtrmrgudwayqu7kn4krasw2ct4h4pwz7nwbfxoyd4q",
                "id": "ocid1.availabilitydomain.oc1..aaaaaaaakemzo4ywaynz573sk4jpvwuqi7vmcuxajxfv4jjj2pthez3j2hbq",
                "name": "GrCh:PHX-AD-3"
              }
            ],
            "compartment_id": "ocid1.tenancy.oc1..aaaaaaaajznex5attydtrmrgudwayqu7kn4krasw2ct4h4pwz7nwbfxoyd4q",
            "filter": null,
            "id": "IdentityAvailabilityDomainsDataSource-3269541301"
          },
          "sensitive_attributes": []
        }
      ]
    },
    {
      "mode": "data",
      "type": "oci_identity_fault_domains",
      "name": "fd",
      "provider": "provider[\"registry.terraform.io/hashicorp/oci\"]",
      "instances": [
        {
          "schema_version": 0,
          "attributes": {
            "availability_domain": "GrCh:PHX-AD-1",
            "compartment_id": "ocid1.tenancy.oc1..aaaaaaaajznex5attydtrmrgudwayqu7kn4krasw2ct4h4pwz7nwbfxoyd4q",
            "fault_domains": [
              {
                "availability_domain": "GrCh:PHX-AD-1",
                "compartment_id": "ocid1.tenancy.oc1..aaaaaaaajznex5attydtrmrgudwayqu7kn4krasw2ct4h4pwz7nwbfxoyd4q",
                "id": "ocid1.faultdomain.oc1..aaaaaaaa2zmor4h3ryp3h4ilca2pt45sqlop4tpacoxdlqwps4zkuxtrguwq",
                "name": "FAULT-DOMAIN-1"
              },
              {
                "availability_domain": "GrCh:PHX-AD-1",
                "compartment_id": "ocid1.tenancy.oc1..aaaaaaaajznex5attydtrmrgudwayqu7kn4krasw2ct4h4pwz7nwbfxoyd4q",
                "id": "ocid1.faultdomain.oc1..aaaaaaaa26in35pkkd46w4w34my7akwuq6cxci5llku3m627arojwmet23fq",
                "name": "FAULT-DOMAIN-2"
              },
              {
                "availability_domain": "GrCh:PHX-AD-1",
                "compartment_id": "ocid1.tenancy.oc1..aaaaaaaajznex5attydtrmrgudwayqu7kn4krasw2ct4h4pwz7nwbfxoyd4q",
                "id": "ocid1.faultdomain.oc1..aaaaaaaaeipdjzvzznxj5rkzsgyinzjb2c5jen7cueilzhy2zf7dkmaluonq",
                "name": "FAULT-DOMAIN-3"
              }
            ],
            "filter": null,
            "id": "IdentityFaultDomainsDataSource-1442626194"
          },
          "sensitive_attributes": []
        }
      ]
    },
    {
      "mode": "data",
      "type": "oci_identity_regions",
      "name": "regions",
      "provider": "provider[\"registry.terraform.io/hashicorp/oci\"]",
      "instances": [
        {
          "schema_version": 0,
          "attributes": {
            "filter": null,
            "id": "IdentityRegionsDataSource-0",
            "regions": [
              {
                "key": "AMS",
                "name": "eu-amsterdam-1"
              },
              {
                "key": "ARN",
                "name": "eu-stockholm-1"
              },
              {
                "key": "AUH",
                "name": "me-abudhabi-1"
              },
              {
                "key": "BOM",
                "name": "ap-mumbai-1"
              },
              {
                "key": "CDG",
                "name": "eu-paris-1"
              },
              {
                "key": "CWL",
                "name": "uk-cardiff-1"
              },
              {
                "key": "DXB",
                "name": "me-dubai-1"
              },
              {
                "key": "FRA",
                "name": "eu-frankfurt-1"
              },
              {
                "key": "GRU",
                "name": "sa-saopaulo-1"
              },
              {
                "key": "HYD",
                "name": "ap-hyderabad-1"
              },
              {
                "key": "IAD",
                "name": "us-ashburn-1"
              },
              {
                "key": "ICN",
                "name": "ap-seoul-1"
              },
              {
                "key": "JED",
                "name": "me-jeddah-1"
              },
              {
                "key": "JNB",
                "name": "af-johannesburg-1"
              },
              {
                "key": "KIX",
                "name": "ap-osaka-1"
              },
              {
                "key": "LHR",
                "name": "uk-london-1"
              },
              {
                "key": "LIN",
                "name": "eu-milan-1"
              },
              {
                "key": "MAD",
                "name": "eu-madrid-1"
              },
              {
                "key": "MEL",
                "name": "ap-melbourne-1"
              },
              {
                "key": "MRS",
                "name": "eu-marseille-1"
              },
              {
                "key": "MTZ",
                "name": "il-jerusalem-1"
              },
              {
                "key": "NRT",
                "name": "ap-tokyo-1"
              },
              {
                "key": "ORD",
                "name": "us-chicago-1"
              },
              {
                "key": "PHX",
                "name": "us-phoenix-1"
              },
              {
                "key": "QRO",
                "name": "mx-queretaro-1"
              },
              {
                "key": "SCL",
                "name": "sa-santiago-1"
              },
              {
                "key": "SIN",
                "name": "ap-singapore-1"
              },
              {
                "key": "SJC",
                "name": "us-sanjose-1"
              },
              {
                "key": "SYD",
                "name": "ap-sydney-1"
              },
              {
                "key": "VCP",
                "name": "sa-vinhedo-1"
              },
              {
                "key": "YNY",
                "name": "ap-chuncheon-1"
              },
              {
                "key": "YUL",
                "name": "ca-montreal-1"
              },
              {
                "key": "YYZ",
                "name": "ca-toronto-1"
              },
              {
                "key": "ZRH",
                "name": "eu-zurich-1"
              }
            ]
          },
          "sensitive_attributes": []
        }
      ]
    },
    {
      "mode": "data",
      "type": "oci_identity_tenancy",
      "name": "tenancy",
      "provider": "provider[\"registry.terraform.io/hashicorp/oci\"]",
      "instances": [
        {
          "schema_version": 0,
          "attributes": {
            "defined_tags": {
              "OracleInternalReserved.CostCenter": "202235",
              "OracleInternalReserved.OwnerEmail": "joseph.malek@oracle.com",
              "OracleInternalReserved.ServiceType": "IaaS",
              "OracleInternalReserved.UsageType": "development-qa-test"
            },
            "description": "ociobenablement",
            "freeform_tags": {},
            "home_region_key": "IAD",
            "id": "ocid1.tenancy.oc1..aaaaaaaajznex5attydtrmrgudwayqu7kn4krasw2ct4h4pwz7nwbfxoyd4q",
            "name": "ociobenablement",
            "tenancy_id": "ocid1.tenancy.oc1..aaaaaaaajznex5attydtrmrgudwayqu7kn4krasw2ct4h4pwz7nwbfxoyd4q",
            "upi_idcs_compatibility_layer_endpoint": null
          },
          "sensitive_attributes": []
        }
      ]
    },
    {
      "mode": "managed",
      "type": "local_file",
      "name": "kubeconfig",
      "provider": "provider[\"registry.terraform.io/hashicorp/local\"]",
      "instances": [
        {
          "schema_version": 0,
          "attributes": {
            "content": "---\napiVersion: v1\nkind: \"\"\nclusters:\n- name: cluster-cfxvoy66b3q\n  cluster:\n    server: https://144.24.13.83:6443\n    certificate-authority-data: LS0tLS1CRUdJTiBDRVJUSUZJQ0FURS0tLS0tCk1JSURpVENDQW5HZ0F3SUJBZ0lSQVBwb1hueGhLWWNqRmJsL0dYNHFFS2d3RFFZSktvWklodmNOQVFFTEJRQXcKWGpFUE1BMEdBMVVFQXd3R1N6aHpJRU5CTVFzd0NRWURWUVFHRXdKVlV6RVBNQTBHQTFVRUJ3d0dRWFZ6ZEdsdQpNUTh3RFFZRFZRUUtEQVpQY21GamJHVXhEREFLQmdOVkJBc01BMDlqYVRFT01Bd0dBMVVFQ0F3RlZHVjRZWE13CkhoY05Nak13TlRBMU1qRTFOelUxV2hjTk1qZ3dOVEExTWpFMU56VTFXakJlTVE4d0RRWURWUVFEREFaTE9ITWcKUTBFeEN6QUpCZ05WQkFZVEFsVlRNUTh3RFFZRFZRUUhEQVpCZFhOMGFXNHhEekFOQmdOVkJBb01Cazl5WVdOcwpaVEVNTUFvR0ExVUVDd3dEVDJOcE1RNHdEQVlEVlFRSURBVlVaWGhoY3pDQ0FTSXdEUVlKS29aSWh2Y05BUUVCCkJRQURnZ0VQQURDQ0FRb0NnZ0VCQUt1Z05INVllZyttWUU1Zk10STlWOS9xRmFzd2Q0REpBZ0wxQWU1aEFEMVAKc21yQVhseHJ0TUsxUjZpUnQxOHEvb2F5d1VWazdpTHAyb0hUS2FoTDVCWnNEUmtMdEJFUXZJWkxNUnc2TjlHMwpYcXFhbU9GR3pkeENSeVNIZjhuckhxSGxQZlgrQVF5UndUNjNCU2hZdEpHWEZ3NEdkUG1pQWsrbHYrRkpTa3NECmJqdFhyNDFJQU84Mmg0SDNYYWpyVmp2WTVUTk1NRmtYS2p2L3lBTnUyTjlPWlFYVUhDK25EYkJzY2V2RTJpR2cKVmFPWVlyUi9Pd0NBcTMyN2tpdzdHMmhjUG43Q1VwZkNka2F3UDBidUl6UjFiMzJBT3A5Qnh1YzMyYzlFcXNkdApUSTExVFYyaG5Sd01CMk9NWUVkeTQ3bmtSdThkcVl0bmFtOTJGaFZaTmIwQ0F3RUFBYU5DTUVBd0R3WURWUjBUCkFRSC9CQVV3QXdFQi96QU9CZ05WSFE4QkFmOEVCQU1DQVFZd0hRWURWUjBPQkJZRUZHNHpsOUo2MW82MTNPbGgKV1BscHJRNGF6UUUwTUEwR0NTcUdTSWIzRFFFQkN3VUFBNElCQVFCc05yOTFnUjB2Y1J6TDJ2VG5meVZRNnc4bQo4Zk4rb0pIYTdkZE5GZHFlNm11NXR5dUhhaTh2NFRWV1hla2N4VUVFMGh6M1ZDSytaS2VvRUVSNnh3Wi8zZjFXCnBkUHd2V1pWQVNoSkRXTnd4TmZDU2xmc3NaWHFuR21pcUNXNFY5L1BzaEJuRy80Lys3MDdOYlBUWFhFcHoxb2IKaGVZVkpCYmo3T1ZDY3JpM2xEOUNBbjRPeHJucU8vN3NKaUVCWnkvdmdwalBsVlJsZEN6V1lQZDFTdnAvWXV5OApvdEp2djY2WTJSeU5URzROWXF2QzlYdXRxcklKRkNpZ1UrK2lDZU8xUEM3MEJxVW5maXM0cE02SVFXQ0t0bXY3CnVsRDc2UjVkbVl6a2s4UGNJVmJYZXluUmZtam1TSDBveG9hWmJiZzlwYU0xVkhEYUV6MjhSZUc5ZUJRYwotLS0tLUVORCBDRVJUSUZJQ0FURS0tLS0tCg==\nusers:\n- name: user-cfxvoy66b3q\n  user:\n    exec:\n      apiVersion: client.authentication.k8s.io/v1beta1\n      command: oci\n      args:\n      - ce\n      - cluster\n      - generate-token\n      - --cluster-id\n      - ocid1.cluster.oc1.phx.aaaaaaaaien3rtcklbtmxwttyzndgq4s7grnd726rhkgchoipcfxvoy66b3q\n      - --region\n      - us-phoenix-1\n      env: []\ncontexts:\n- name: context-cfxvoy66b3q\n  context:\n    cluster: cluster-cfxvoy66b3q\n    user: user-cfxvoy66b3q\ncurrent-context: context-cfxvoy66b3q\n",
            "content_base64": null,
            "content_base64sha256": "TR6fLnDRvWAGnIsbVYZEcjGGFRdLu3esDO+7V1GbAtQ=",
            "content_base64sha512": "2jmIyCoGj1eIb7VA//ID/FxsXALxh3rMTV+juZgDmcF0DTc0K8UxTQVemokA+zEJp7EadNgmiVkHflwzCfx4IQ==",
            "content_md5": "452b81b6e663ade315964cc161c70c80",
            "content_sha1": "ab8962b8beb80cdd84c2ef4d7e4c055ef1dcbe54",
            "content_sha256": "4d1e9f2e70d1bd60069c8b1b55864472318615174bbb77ac0cefbb57519b02d4",
            "content_sha512": "da3988c82a068f57886fb540fff203fc5c6c5c02f1877acc4d5fa3b9980399c1740d37342bc5314d055e9a8900fb3109a7b11a74d8268959077e5c3309fc7821",
            "directory_permission": "0777",
            "file_permission": "0777",
            "filename": "/tmp/kubeconfig",
            "id": "ab8962b8beb80cdd84c2ef4d7e4c055ef1dcbe54",
            "sensitive_content": null,
            "source": null
          },
          "sensitive_attributes": [],
          "dependencies": [
            "data.oci_containerengine_cluster_kube_config.virtual_cluster_kube_config",
            "data.oci_core_services.all_oci_services",
            "data.oci_identity_availability_domains.ad",
            "data.oci_identity_fault_domains.fd",
            "oci_containerengine_cluster.generated_oci_containerengine_cluster",
            "oci_containerengine_virtual_node_pool.create_node_pool_details0",
            "oci_core_default_route_table.generated_oci_core_default_route_table",
            "oci_core_internet_gateway.generated_oci_core_internet_gateway",
            "oci_core_nat_gateway.generated_oci_core_nat_gateway",
            "oci_core_route_table.generated_oci_core_route_table",
            "oci_core_security_list.kubernetes_api_endpoint_sec_list",
            "oci_core_security_list.node_sec_list",
            "oci_core_service_gateway.generated_oci_core_service_gateway",
            "oci_core_subnet.kubernetes_api_endpoint_subnet",
            "oci_core_subnet.node_subnet",
            "oci_core_subnet.pod_subnet",
            "oci_core_subnet.service_lb_subnet",
            "oci_core_vcn.generated_oci_core_vcn"
          ]
        }
      ]
    },
    {
      "mode": "managed",
      "type": "null_resource",
      "name": "create_ingress_controller",
      "provider": "provider[\"registry.terraform.io/hashicorp/null\"]",
      "instances": [
        {
          "index_key": 0,
          "schema_version": 0,
          "attributes": {
            "id": "8738716841390652462",
            "triggers": null
          },
          "sensitive_attributes": [],
          "dependencies": [
            "data.oci_containerengine_cluster_kube_config.virtual_cluster_kube_config",
            "data.oci_core_services.all_oci_services",
            "data.oci_identity_availability_domains.ad",
            "data.oci_identity_fault_domains.fd",
            "local_file.kubeconfig",
            "oci_containerengine_cluster.generated_oci_containerengine_cluster",
            "oci_containerengine_virtual_node_pool.create_node_pool_details0",
            "oci_core_default_route_table.generated_oci_core_default_route_table",
            "oci_core_internet_gateway.generated_oci_core_internet_gateway",
            "oci_core_nat_gateway.generated_oci_core_nat_gateway",
            "oci_core_route_table.generated_oci_core_route_table",
            "oci_core_security_list.kubernetes_api_endpoint_sec_list",
            "oci_core_security_list.node_sec_list",
            "oci_core_service_gateway.generated_oci_core_service_gateway",
            "oci_core_subnet.kubernetes_api_endpoint_subnet",
            "oci_core_subnet.node_subnet",
            "oci_core_subnet.pod_subnet",
            "oci_core_subnet.service_lb_subnet",
            "oci_core_vcn.generated_oci_core_vcn",
            "time_sleep.wait_1min_demo2"
          ]
        }
      ]
    },
    {
      "mode": "managed",
      "type": "null_resource",
      "name": "create_kubernetes_dashboard",
      "provider": "provider[\"registry.terraform.io/hashicorp/null\"]",
      "instances": [
        {
          "index_key": 0,
          "schema_version": 0,
          "attributes": {
            "id": "9010107605284192424",
            "triggers": null
          },
          "sensitive_attributes": [],
          "dependencies": [
            "data.oci_containerengine_cluster_kube_config.virtual_cluster_kube_config",
            "data.oci_core_services.all_oci_services",
            "data.oci_identity_availability_domains.ad",
            "data.oci_identity_fault_domains.fd",
            "local_file.kubeconfig",
            "oci_containerengine_cluster.generated_oci_containerengine_cluster",
            "oci_containerengine_virtual_node_pool.create_node_pool_details0",
            "oci_core_default_route_table.generated_oci_core_default_route_table",
            "oci_core_internet_gateway.generated_oci_core_internet_gateway",
            "oci_core_nat_gateway.generated_oci_core_nat_gateway",
            "oci_core_route_table.generated_oci_core_route_table",
            "oci_core_security_list.kubernetes_api_endpoint_sec_list",
            "oci_core_security_list.node_sec_list",
            "oci_core_service_gateway.generated_oci_core_service_gateway",
            "oci_core_subnet.kubernetes_api_endpoint_subnet",
            "oci_core_subnet.node_subnet",
            "oci_core_subnet.pod_subnet",
            "oci_core_subnet.service_lb_subnet",
            "oci_core_vcn.generated_oci_core_vcn",
            "time_sleep.wait_1min_demo1"
          ]
        }
      ]
    },
    {
      "mode": "managed",
      "type": "null_resource",
      "name": "create_kubernetes_dashboard_admin",
      "provider": "provider[\"registry.terraform.io/hashicorp/null\"]",
      "instances": [
        {
          "index_key": 0,
          "status": "tainted",
          "schema_version": 0,
          "attributes": {
            "id": "8362457052587627699",
            "triggers": null
          },
          "sensitive_attributes": [],
          "dependencies": [
            "data.oci_containerengine_cluster_kube_config.virtual_cluster_kube_config",
            "data.oci_core_services.all_oci_services",
            "data.oci_identity_availability_domains.ad",
            "data.oci_identity_fault_domains.fd",
            "local_file.kubeconfig",
            "oci_containerengine_cluster.generated_oci_containerengine_cluster",
            "oci_containerengine_virtual_node_pool.create_node_pool_details0",
            "oci_core_default_route_table.generated_oci_core_default_route_table",
            "oci_core_internet_gateway.generated_oci_core_internet_gateway",
            "oci_core_nat_gateway.generated_oci_core_nat_gateway",
            "oci_core_route_table.generated_oci_core_route_table",
            "oci_core_security_list.kubernetes_api_endpoint_sec_list",
            "oci_core_security_list.node_sec_list",
            "oci_core_service_gateway.generated_oci_core_service_gateway",
            "oci_core_subnet.kubernetes_api_endpoint_subnet",
            "oci_core_subnet.node_subnet",
            "oci_core_subnet.pod_subnet",
            "oci_core_subnet.service_lb_subnet",
            "oci_core_vcn.generated_oci_core_vcn",
            "time_sleep.wait_1min_demo1"
          ]
        }
      ]
    },
    {
      "mode": "managed",
      "type": "null_resource",
      "name": "create_metrics_server",
      "provider": "provider[\"registry.terraform.io/hashicorp/null\"]",
      "instances": [
        {
          "index_key": 0,
          "schema_version": 0,
          "attributes": {
            "id": "4927803932394275970",
            "triggers": null
          },
          "sensitive_attributes": [],
          "dependencies": [
            "data.oci_containerengine_cluster_kube_config.virtual_cluster_kube_config",
            "data.oci_core_services.all_oci_services",
            "data.oci_identity_availability_domains.ad",
            "data.oci_identity_fault_domains.fd",
            "local_file.kubeconfig",
            "oci_containerengine_cluster.generated_oci_containerengine_cluster",
            "oci_containerengine_virtual_node_pool.create_node_pool_details0",
            "oci_core_default_route_table.generated_oci_core_default_route_table",
            "oci_core_internet_gateway.generated_oci_core_internet_gateway",
            "oci_core_nat_gateway.generated_oci_core_nat_gateway",
            "oci_core_route_table.generated_oci_core_route_table",
            "oci_core_security_list.kubernetes_api_endpoint_sec_list",
            "oci_core_security_list.node_sec_list",
            "oci_core_service_gateway.generated_oci_core_service_gateway",
            "oci_core_subnet.kubernetes_api_endpoint_subnet",
            "oci_core_subnet.node_subnet",
            "oci_core_subnet.pod_subnet",
            "oci_core_subnet.service_lb_subnet",
            "oci_core_vcn.generated_oci_core_vcn",
            "time_sleep.wait_1min_demo"
          ]
        }
      ]
    },
    {
      "mode": "managed",
      "type": "oci_containerengine_cluster",
      "name": "generated_oci_containerengine_cluster",
      "provider": "provider[\"registry.terraform.io/hashicorp/oci\"]",
      "instances": [
        {
          "schema_version": 0,
          "attributes": {
            "available_kubernetes_upgrades": [
              "v1.26.2"
            ],
            "cluster_pod_network_options": [
              {
                "cni_type": "OCI_VCN_IP_NATIVE"
              }
            ],
            "compartment_id": "ocid1.tenancy.oc1..aaaaaaaajznex5attydtrmrgudwayqu7kn4krasw2ct4h4pwz7nwbfxoyd4q",
            "defined_tags": {
              "Oracle-Tags.CreatedBy": "identitycloudservice/chiping.hwang@oracle.com",
              "Oracle-Tags.CreatedOn": "2023-05-05T21:57:23.192Z",
              "ops.CreatedBy": "identitycloudservice/chiping.hwang@oracle.com",
              "ops.CreationDate": "2023-05-05T21:57:23.192Z"
            },
            "endpoint_config": [
              {
                "is_public_ip_enabled": true,
                "nsg_ids": null,
                "subnet_id": "ocid1.subnet.oc1.phx.aaaaaaaajqasixp7jo3lspvd2ivuwp73tkfb3nc6fxwomnxny3ftrcddvcpa"
              }
            ],
            "endpoints": [
              {
                "kubernetes": "",
                "private_endpoint": "10.0.0.9:6443",
                "public_endpoint": "144.24.13.83:6443",
                "vcn_hostname_endpoint": ""
              }
            ],
            "freeform_tags": {
              "OKEclusterName": "demo-cluster"
            },
            "id": "ocid1.cluster.oc1.phx.aaaaaaaaien3rtcklbtmxwttyzndgq4s7grnd726rhkgchoipcfxvoy66b3q",
            "image_policy_config": [
              {
                "is_policy_enabled": false,
                "key_details": []
              }
            ],
            "kms_key_id": null,
            "kubernetes_version": "v1.25.4",
            "lifecycle_details": null,
            "metadata": [
              {
                "created_by_user_id": "ocid1.user.oc1..aaaaaaaao7mct2dugqn6ymsm2mncrthv2q2zcbh7emcgwmckswmaiboiargq",
                "created_by_work_request_id": "ocid1.clustersworkrequest.oc1.phx.aaaaaaaan54zwq7hkxa7p422hk2vb5xpitrmrvdfk4ide7n4hwoismcoqa2q",
                "deleted_by_user_id": "",
                "deleted_by_work_request_id": "",
                "time_created": "2023-05-05 21:57:24 +0000 UTC",
                "time_deleted": "",
                "time_updated": "",
                "updated_by_user_id": "",
                "updated_by_work_request_id": ""
              }
            ],
            "name": "demo-cluster",
            "options": [
              {
                "add_ons": [
                  {
                    "is_kubernetes_dashboard_enabled": false,
                    "is_tiller_enabled": false
                  }
                ],
                "admission_controller_options": [
                  {
                    "is_pod_security_policy_enabled": false
                  }
                ],
                "kubernetes_network_config": [
                  {
                    "pods_cidr": "10.244.0.0/16",
                    "services_cidr": "10.96.0.0/16"
                  }
                ],
                "persistent_volume_config": [
                  {
                    "defined_tags": {},
                    "freeform_tags": {
                      "OKEclusterName": "demo-cluster"
                    }
                  }
                ],
                "service_lb_config": [
                  {
                    "defined_tags": {},
                    "freeform_tags": {
                      "OKEclusterName": "demo-cluster"
                    }
                  }
                ],
                "service_lb_subnet_ids": [
                  "ocid1.subnet.oc1.phx.aaaaaaaawmk2gg7hkamq4ul7snvh6hpvluz7uhd72uokxt2j7rsaiftz3j4q"
                ]
              }
            ],
            "state": "ACTIVE",
            "timeouts": null,
            "type": "ENHANCED_CLUSTER",
            "vcn_id": "ocid1.vcn.oc1.phx.amaaaaaanlc5nbyadxoe4t724cbi6gce5nl5entfg64vpj4udy5lparjxxsa"
          },
          "sensitive_attributes": [],
          "private": "eyJlMmJmYjczMC1lY2FhLTExZTYtOGY4OC0zNDM2M2JjN2M0YzAiOnsiY3JlYXRlIjozNjAwMDAwMDAwMDAwLCJkZWxldGUiOjM2MDAwMDAwMDAwMDAsInVwZGF0ZSI6MzYwMDAwMDAwMDAwMH19",
          "dependencies": [
            "oci_core_default_route_table.generated_oci_core_default_route_table",
            "oci_core_internet_gateway.generated_oci_core_internet_gateway",
            "oci_core_security_list.kubernetes_api_endpoint_sec_list",
            "oci_core_subnet.kubernetes_api_endpoint_subnet",
            "oci_core_subnet.service_lb_subnet",
            "oci_core_vcn.generated_oci_core_vcn"
          ]
        }
      ]
    },
    {
      "mode": "managed",
      "type": "oci_containerengine_virtual_node_pool",
      "name": "create_node_pool_details0",
      "provider": "provider[\"registry.terraform.io/hashicorp/oci\"]",
      "instances": [
        {
          "schema_version": 0,
          "attributes": {
            "cluster_id": "ocid1.cluster.oc1.phx.aaaaaaaaien3rtcklbtmxwttyzndgq4s7grnd726rhkgchoipcfxvoy66b3q",
            "compartment_id": "ocid1.tenancy.oc1..aaaaaaaajznex5attydtrmrgudwayqu7kn4krasw2ct4h4pwz7nwbfxoyd4q",
            "defined_tags": {
              "Oracle-Tags.CreatedBy": "identitycloudservice/chiping.hwang@oracle.com",
              "Oracle-Tags.CreatedOn": "2023-05-05T22:07:25.764Z",
              "ops.CreatedBy": "identitycloudservice/chiping.hwang@oracle.com",
              "ops.CreationDate": "2023-05-05T22:07:25.764Z"
            },
            "display_name": "Virtual_demo",
            "freeform_tags": {
              "OKEnodePoolName": "pool1"
            },
            "id": "ocid1.virtualnodepool.oc1.phx.amaaaaaanlc5nbyatkwchxg6ie4rsa5vcq4m2bt2gat3ht3tc625rmil2iza",
            "initial_virtual_node_labels": [],
            "kubernetes_version": "v1.25.4",
            "lifecycle_details": null,
            "nsg_ids": [],
            "placement_configurations": [
              {
                "availability_domain": "GrCh:PHX-AD-1",
                "fault_domain": [
                  "FAULT-DOMAIN-1"
                ],
                "subnet_id": "ocid1.subnet.oc1.phx.aaaaaaaaqq52teh433mj26mee55f2uskhom3butoc2pj3oqa62sro6pifc7a"
              }
            ],
            "pod_configuration": [
              {
                "nsg_ids": [],
                "shape": "Pod.Standard.E4.Flex",
                "subnet_id": "ocid1.subnet.oc1.phx.aaaaaaaaonnsuwgrxvw7pdt5ypeahijciobuxikdozyxntp5rug4jut62xna"
              }
            ],
            "size": 3,
            "state": "ACTIVE",
            "system_tags": {},
            "taints": [],
            "time_created": "2023-05-05 22:07:26 +0000 UTC",
            "time_updated": "2023-05-05 22:07:26 +0000 UTC",
            "timeouts": null,
            "virtual_node_tags": [
              {
                "defined_tags": {},
                "freeform_tags": {}
              }
            ]
          },
          "sensitive_attributes": [],
          "private": "eyJlMmJmYjczMC1lY2FhLTExZTYtOGY4OC0zNDM2M2JjN2M0YzAiOnsiY3JlYXRlIjoxMjAwMDAwMDAwMDAwLCJkZWxldGUiOjEyMDAwMDAwMDAwMDAsInVwZGF0ZSI6MTIwMDAwMDAwMDAwMH19",
          "dependencies": [
            "data.oci_core_services.all_oci_services",
            "data.oci_identity_availability_domains.ad",
            "data.oci_identity_fault_domains.fd",
            "oci_containerengine_cluster.generated_oci_containerengine_cluster",
            "oci_core_default_route_table.generated_oci_core_default_route_table",
            "oci_core_internet_gateway.generated_oci_core_internet_gateway",
            "oci_core_nat_gateway.generated_oci_core_nat_gateway",
            "oci_core_route_table.generated_oci_core_route_table",
            "oci_core_security_list.kubernetes_api_endpoint_sec_list",
            "oci_core_security_list.node_sec_list",
            "oci_core_service_gateway.generated_oci_core_service_gateway",
            "oci_core_subnet.kubernetes_api_endpoint_subnet",
            "oci_core_subnet.node_subnet",
            "oci_core_subnet.pod_subnet",
            "oci_core_subnet.service_lb_subnet",
            "oci_core_vcn.generated_oci_core_vcn"
          ]
        }
      ]
    },
    {
      "mode": "managed",
      "type": "oci_core_default_route_table",
      "name": "generated_oci_core_default_route_table",
      "provider": "provider[\"registry.terraform.io/hashicorp/oci\"]",
      "instances": [
        {
          "schema_version": 0,
          "attributes": {
            "compartment_id": "ocid1.tenancy.oc1..aaaaaaaajznex5attydtrmrgudwayqu7kn4krasw2ct4h4pwz7nwbfxoyd4q",
            "defined_tags": {
              "Oracle-Tags.CreatedBy": "identitycloudservice/chiping.hwang@oracle.com",
              "Oracle-Tags.CreatedOn": "2023-05-05T21:57:16.819Z",
              "ops.CreatedBy": "identitycloudservice/chiping.hwang@oracle.com",
              "ops.CreationDate": "2023-05-05T21:57:16.819Z"
            },
            "display_name": "oke-public-routetable-demo-cluster-cb5ccc201",
            "freeform_tags": {},
            "id": "ocid1.routetable.oc1.phx.aaaaaaaaazj4sko57mzjzcziz5ufp24inoagps3dfmq4yaxndbhr2it7bzza",
            "manage_default_resource_id": "ocid1.routetable.oc1.phx.aaaaaaaaazj4sko57mzjzcziz5ufp24inoagps3dfmq4yaxndbhr2it7bzza",
            "route_rules": [
              {
                "cidr_block": "",
                "description": "traffic to/from internet",
                "destination": "0.0.0.0/0",
                "destination_type": "CIDR_BLOCK",
                "network_entity_id": "ocid1.internetgateway.oc1.phx.aaaaaaaawgmkxluqkgtenfp2ohrj5xwp7xgyx6i5o6qgrr6wk2hqmiz3a4da",
                "route_type": ""
              }
            ],
            "state": "AVAILABLE",
            "time_created": "2023-05-05 21:57:16.984 +0000 UTC",
            "timeouts": null
          },
          "sensitive_attributes": [],
          "private": "eyJlMmJmYjczMC1lY2FhLTExZTYtOGY4OC0zNDM2M2JjN2M0YzAiOnsiY3JlYXRlIjoxMjAwMDAwMDAwMDAwLCJkZWxldGUiOjEyMDAwMDAwMDAwMDAsInVwZGF0ZSI6MTIwMDAwMDAwMDAwMH19",
          "dependencies": [
            "oci_core_internet_gateway.generated_oci_core_internet_gateway",
            "oci_core_vcn.generated_oci_core_vcn"
          ]
        }
      ]
    },
    {
      "mode": "managed",
      "type": "oci_core_internet_gateway",
      "name": "generated_oci_core_internet_gateway",
      "provider": "provider[\"registry.terraform.io/hashicorp/oci\"]",
      "instances": [
        {
          "schema_version": 0,
          "attributes": {
            "compartment_id": "ocid1.tenancy.oc1..aaaaaaaajznex5attydtrmrgudwayqu7kn4krasw2ct4h4pwz7nwbfxoyd4q",
            "defined_tags": {
              "Oracle-Tags.CreatedBy": "identitycloudservice/chiping.hwang@oracle.com",
              "Oracle-Tags.CreatedOn": "2023-05-05T21:57:17.982Z",
              "ops.CreatedBy": "identitycloudservice/chiping.hwang@oracle.com",
              "ops.CreationDate": "2023-05-05T21:57:17.982Z"
            },
            "display_name": "oke-igw-quick-demo-cluster",
            "enabled": true,
            "freeform_tags": {},
            "id": "ocid1.internetgateway.oc1.phx.aaaaaaaawgmkxluqkgtenfp2ohrj5xwp7xgyx6i5o6qgrr6wk2hqmiz3a4da",
            "route_table_id": null,
            "state": "AVAILABLE",
            "time_created": "2023-05-05 21:57:18.068 +0000 UTC",
            "timeouts": null,
            "vcn_id": "ocid1.vcn.oc1.phx.amaaaaaanlc5nbyadxoe4t724cbi6gce5nl5entfg64vpj4udy5lparjxxsa"
          },
          "sensitive_attributes": [],
          "private": "eyJlMmJmYjczMC1lY2FhLTExZTYtOGY4OC0zNDM2M2JjN2M0YzAiOnsiY3JlYXRlIjoxMjAwMDAwMDAwMDAwLCJkZWxldGUiOjEyMDAwMDAwMDAwMDAsInVwZGF0ZSI6MTIwMDAwMDAwMDAwMH19",
          "dependencies": [
            "oci_core_vcn.generated_oci_core_vcn"
          ]
        }
      ]
    },
    {
      "mode": "managed",
      "type": "oci_core_nat_gateway",
      "name": "generated_oci_core_nat_gateway",
      "provider": "provider[\"registry.terraform.io/hashicorp/oci\"]",
      "instances": [
        {
          "schema_version": 0,
          "attributes": {
            "block_traffic": false,
            "compartment_id": "ocid1.tenancy.oc1..aaaaaaaajznex5attydtrmrgudwayqu7kn4krasw2ct4h4pwz7nwbfxoyd4q",
            "defined_tags": {
              "Oracle-Tags.CreatedBy": "identitycloudservice/chiping.hwang@oracle.com",
              "Oracle-Tags.CreatedOn": "2023-05-05T21:57:17.959Z",
              "ops.CreatedBy": "identitycloudservice/chiping.hwang@oracle.com",
              "ops.CreationDate": "2023-05-05T21:57:17.959Z"
            },
            "display_name": "oke-ngw-quick-demo-cluster",
            "freeform_tags": {},
            "id": "ocid1.natgateway.oc1.phx.aaaaaaaa7ucpxayz7znr536vd6adh4kyud5x5heben2g3ym7gvkysmdguyja",
            "nat_ip": "132.226.147.79",
            "public_ip_id": "ocid1.publicip.oc1.phx.aaaaaaaahbfxohokga6alfhujisptduoafilxn6cn5nikngnzwtv7o5jwiga",
            "route_table_id": null,
            "state": "AVAILABLE",
            "time_created": "2023-05-05 21:57:18.279 +0000 UTC",
            "timeouts": null,
            "vcn_id": "ocid1.vcn.oc1.phx.amaaaaaanlc5nbyadxoe4t724cbi6gce5nl5entfg64vpj4udy5lparjxxsa"
          },
          "sensitive_attributes": [],
          "private": "eyJlMmJmYjczMC1lY2FhLTExZTYtOGY4OC0zNDM2M2JjN2M0YzAiOnsiY3JlYXRlIjoxMjAwMDAwMDAwMDAwLCJkZWxldGUiOjEyMDAwMDAwMDAwMDAsInVwZGF0ZSI6MTIwMDAwMDAwMDAwMH19",
          "dependencies": [
            "oci_core_vcn.generated_oci_core_vcn"
          ]
        }
      ]
    },
    {
      "mode": "managed",
      "type": "oci_core_network_security_group",
      "name": "pod_network_security_group",
      "provider": "provider[\"registry.terraform.io/hashicorp/oci\"]",
      "instances": [
        {
          "schema_version": 0,
          "attributes": {
            "compartment_id": "ocid1.tenancy.oc1..aaaaaaaajznex5attydtrmrgudwayqu7kn4krasw2ct4h4pwz7nwbfxoyd4q",
            "defined_tags": {
              "Oracle-Tags.CreatedBy": "identitycloudservice/chiping.hwang@oracle.com",
              "Oracle-Tags.CreatedOn": "2023-05-05T21:57:17.910Z",
              "ops.CreatedBy": "identitycloudservice/chiping.hwang@oracle.com",
              "ops.CreationDate": "2023-05-05T21:57:17.910Z"
            },
            "display_name": "networksecuritygroup20230505215718",
            "freeform_tags": {},
            "id": "ocid1.networksecuritygroup.oc1.phx.aaaaaaaae66d65d3qyjufqlsb3giziai5j2pji35vytsn4eoaent5ubwj7oa",
            "state": "AVAILABLE",
            "time_created": "2023-05-05 21:57:18.062 +0000 UTC",
            "timeouts": null,
            "vcn_id": "ocid1.vcn.oc1.phx.amaaaaaanlc5nbyadxoe4t724cbi6gce5nl5entfg64vpj4udy5lparjxxsa"
          },
          "sensitive_attributes": [],
          "private": "eyJlMmJmYjczMC1lY2FhLTExZTYtOGY4OC0zNDM2M2JjN2M0YzAiOnsiY3JlYXRlIjoxMjAwMDAwMDAwMDAwLCJkZWxldGUiOjEyMDAwMDAwMDAwMDAsInVwZGF0ZSI6MTIwMDAwMDAwMDAwMH19",
          "dependencies": [
            "oci_core_vcn.generated_oci_core_vcn"
          ]
        }
      ]
    },
    {
      "mode": "managed",
      "type": "oci_core_network_security_group_security_rule",
      "name": "api_network_pod_network",
      "provider": "provider[\"registry.terraform.io/hashicorp/oci\"]",
      "instances": [
        {
          "schema_version": 0,
          "attributes": {
            "description": "allow all from Pod Network",
            "destination": null,
            "destination_type": "",
            "direction": "INGRESS",
            "icmp_options": [],
            "id": "FD3180",
            "is_valid": true,
            "network_security_group_id": "ocid1.networksecuritygroup.oc1.phx.aaaaaaaae66d65d3qyjufqlsb3giziai5j2pji35vytsn4eoaent5ubwj7oa",
            "protocol": "all",
            "source": "10.0.0.0/28",
            "source_type": "CIDR_BLOCK",
            "stateless": false,
            "tcp_options": [],
            "time_created": "2023-05-05 21:57:22.73 +0000 UTC",
            "timeouts": null,
            "udp_options": []
          },
          "sensitive_attributes": [],
          "private": "eyJlMmJmYjczMC1lY2FhLTExZTYtOGY4OC0zNDM2M2JjN2M0YzAiOnsiY3JlYXRlIjoxMjAwMDAwMDAwMDAwLCJkZWxldGUiOjEyMDAwMDAwMDAwMDAsInVwZGF0ZSI6MTIwMDAwMDAwMDAwMH19",
          "dependencies": [
            "oci_core_default_route_table.generated_oci_core_default_route_table",
            "oci_core_internet_gateway.generated_oci_core_internet_gateway",
            "oci_core_network_security_group.pod_network_security_group",
            "oci_core_security_list.kubernetes_api_endpoint_sec_list",
            "oci_core_subnet.kubernetes_api_endpoint_subnet",
            "oci_core_vcn.generated_oci_core_vcn"
          ]
        }
      ]
    },
    {
      "mode": "managed",
      "type": "oci_core_network_security_group_security_rule",
      "name": "lb_network_pod_network",
      "provider": "provider[\"registry.terraform.io/hashicorp/oci\"]",
      "instances": [
        {
          "schema_version": 0,
          "attributes": {
            "description": "allow all from Kubernetes API",
            "destination": null,
            "destination_type": "",
            "direction": "INGRESS",
            "icmp_options": [],
            "id": "60B511",
            "is_valid": true,
            "network_security_group_id": "ocid1.networksecuritygroup.oc1.phx.aaaaaaaae66d65d3qyjufqlsb3giziai5j2pji35vytsn4eoaent5ubwj7oa",
            "protocol": "all",
            "source": "10.0.0.0/28",
            "source_type": "CIDR_BLOCK",
            "stateless": false,
            "tcp_options": [],
            "time_created": "2023-05-05 21:57:22.485 +0000 UTC",
            "timeouts": null,
            "udp_options": []
          },
          "sensitive_attributes": [],
          "private": "eyJlMmJmYjczMC1lY2FhLTExZTYtOGY4OC0zNDM2M2JjN2M0YzAiOnsiY3JlYXRlIjoxMjAwMDAwMDAwMDAwLCJkZWxldGUiOjEyMDAwMDAwMDAwMDAsInVwZGF0ZSI6MTIwMDAwMDAwMDAwMH19",
          "dependencies": [
            "oci_core_default_route_table.generated_oci_core_default_route_table",
            "oci_core_internet_gateway.generated_oci_core_internet_gateway",
            "oci_core_network_security_group.pod_network_security_group",
            "oci_core_security_list.kubernetes_api_endpoint_sec_list",
            "oci_core_subnet.kubernetes_api_endpoint_subnet",
            "oci_core_vcn.generated_oci_core_vcn"
          ]
        }
      ]
    },
    {
      "mode": "managed",
      "type": "oci_core_network_security_group_security_rule",
      "name": "pod_network_egress",
      "provider": "provider[\"registry.terraform.io/hashicorp/oci\"]",
      "instances": [
        {
          "schema_version": 0,
          "attributes": {
            "description": "allow all outbound traffic",
            "destination": "0.0.0.0/0",
            "destination_type": "CIDR_BLOCK",
            "direction": "EGRESS",
            "icmp_options": [],
            "id": "782559",
            "is_valid": true,
            "network_security_group_id": "ocid1.networksecuritygroup.oc1.phx.aaaaaaaae66d65d3qyjufqlsb3giziai5j2pji35vytsn4eoaent5ubwj7oa",
            "protocol": "all",
            "source": null,
            "source_type": "",
            "stateless": false,
            "tcp_options": [],
            "time_created": "2023-05-05 21:57:18.786 +0000 UTC",
            "timeouts": null,
            "udp_options": []
          },
          "sensitive_attributes": [],
          "private": "eyJlMmJmYjczMC1lY2FhLTExZTYtOGY4OC0zNDM2M2JjN2M0YzAiOnsiY3JlYXRlIjoxMjAwMDAwMDAwMDAwLCJkZWxldGUiOjEyMDAwMDAwMDAwMDAsInVwZGF0ZSI6MTIwMDAwMDAwMDAwMH19",
          "dependencies": [
            "oci_core_network_security_group.pod_network_security_group",
            "oci_core_vcn.generated_oci_core_vcn"
          ]
        }
      ]
    },
    {
      "mode": "managed",
      "type": "oci_core_network_security_group_security_rule",
      "name": "svc_lb_pod_network_ingress1",
      "provider": "provider[\"registry.terraform.io/hashicorp/oci\"]",
      "instances": [
        {
          "schema_version": 0,
          "attributes": {
            "description": "allow TCP 10256",
            "destination": null,
            "destination_type": "",
            "direction": "INGRESS",
            "icmp_options": [],
            "id": "1BF3D0",
            "is_valid": true,
            "network_security_group_id": "ocid1.networksecuritygroup.oc1.phx.aaaaaaaae66d65d3qyjufqlsb3giziai5j2pji35vytsn4eoaent5ubwj7oa",
            "protocol": "6",
            "source": "10.0.20.0/24",
            "source_type": "CIDR_BLOCK",
            "stateless": false,
            "tcp_options": [
              {
                "destination_port_range": [
                  {
                    "max": 10256,
                    "min": 10256
                  }
                ],
                "source_port_range": []
              }
            ],
            "time_created": "2023-05-05 21:57:23.419 +0000 UTC",
            "timeouts": null,
            "udp_options": []
          },
          "sensitive_attributes": [],
          "private": "eyJlMmJmYjczMC1lY2FhLTExZTYtOGY4OC0zNDM2M2JjN2M0YzAiOnsiY3JlYXRlIjoxMjAwMDAwMDAwMDAwLCJkZWxldGUiOjEyMDAwMDAwMDAwMDAsInVwZGF0ZSI6MTIwMDAwMDAwMDAwMH19",
          "dependencies": [
            "oci_core_default_route_table.generated_oci_core_default_route_table",
            "oci_core_internet_gateway.generated_oci_core_internet_gateway",
            "oci_core_network_security_group.pod_network_security_group",
            "oci_core_subnet.service_lb_subnet",
            "oci_core_vcn.generated_oci_core_vcn"
          ]
        }
      ]
    },
    {
      "mode": "managed",
      "type": "oci_core_network_security_group_security_rule",
      "name": "svc_network_pod_network_ingress",
      "provider": "provider[\"registry.terraform.io/hashicorp/oci\"]",
      "instances": [
        {
          "schema_version": 0,
          "attributes": {
            "description": "allow Highport Access",
            "destination": null,
            "destination_type": "",
            "direction": "INGRESS",
            "icmp_options": [],
            "id": "8D814F",
            "is_valid": true,
            "network_security_group_id": "ocid1.networksecuritygroup.oc1.phx.aaaaaaaae66d65d3qyjufqlsb3giziai5j2pji35vytsn4eoaent5ubwj7oa",
            "protocol": "6",
            "source": "10.0.20.0/24",
            "source_type": "CIDR_BLOCK",
            "stateless": false,
            "tcp_options": [
              {
                "destination_port_range": [
                  {
                    "max": 30256,
                    "min": 30000
                  }
                ],
                "source_port_range": []
              }
            ],
            "time_created": "2023-05-05 21:57:23.043 +0000 UTC",
            "timeouts": null,
            "udp_options": []
          },
          "sensitive_attributes": [],
          "private": "eyJlMmJmYjczMC1lY2FhLTExZTYtOGY4OC0zNDM2M2JjN2M0YzAiOnsiY3JlYXRlIjoxMjAwMDAwMDAwMDAwLCJkZWxldGUiOjEyMDAwMDAwMDAwMDAsInVwZGF0ZSI6MTIwMDAwMDAwMDAwMH19",
          "dependencies": [
            "oci_core_default_route_table.generated_oci_core_default_route_table",
            "oci_core_internet_gateway.generated_oci_core_internet_gateway",
            "oci_core_network_security_group.pod_network_security_group",
            "oci_core_subnet.service_lb_subnet",
            "oci_core_vcn.generated_oci_core_vcn"
          ]
        }
      ]
    },
    {
      "mode": "managed",
      "type": "oci_core_route_table",
      "name": "generated_oci_core_route_table",
      "provider": "provider[\"registry.terraform.io/hashicorp/oci\"]",
      "instances": [
        {
          "schema_version": 0,
          "attributes": {
            "compartment_id": "ocid1.tenancy.oc1..aaaaaaaajznex5attydtrmrgudwayqu7kn4krasw2ct4h4pwz7nwbfxoyd4q",
            "defined_tags": {
              "Oracle-Tags.CreatedBy": "identitycloudservice/chiping.hwang@oracle.com",
              "Oracle-Tags.CreatedOn": "2023-05-05T21:57:20.213Z",
              "ops.CreatedBy": "identitycloudservice/chiping.hwang@oracle.com",
              "ops.CreationDate": "2023-05-05T21:57:20.213Z"
            },
            "display_name": "oke-private-routetable-demo-cluster",
            "freeform_tags": {},
            "id": "ocid1.routetable.oc1.phx.aaaaaaaasjkltjwbwjhf23kk77rbfqy5bmf3eqogqxdn64qqcirfigskj6oa",
            "route_rules": [
              {
                "cidr_block": "",
                "description": "traffic to OCI services",
                "destination": "all-phx-services-in-oracle-services-network",
                "destination_type": "SERVICE_CIDR_BLOCK",
                "network_entity_id": "ocid1.servicegateway.oc1.phx.aaaaaaaaizaqnhmzrhymtgahatxqkbxvaxboywkv4qomd5a3wiq23lcahnua",
                "route_type": ""
              },
              {
                "cidr_block": "",
                "description": "traffic to the internet",
                "destination": "0.0.0.0/0",
                "destination_type": "CIDR_BLOCK",
                "network_entity_id": "ocid1.natgateway.oc1.phx.aaaaaaaa7ucpxayz7znr536vd6adh4kyud5x5heben2g3ym7gvkysmdguyja",
                "route_type": ""
              }
            ],
            "state": "AVAILABLE",
            "time_created": "2023-05-05 21:57:20.422 +0000 UTC",
            "timeouts": null,
            "vcn_id": "ocid1.vcn.oc1.phx.amaaaaaanlc5nbyadxoe4t724cbi6gce5nl5entfg64vpj4udy5lparjxxsa"
          },
          "sensitive_attributes": [],
          "private": "eyJlMmJmYjczMC1lY2FhLTExZTYtOGY4OC0zNDM2M2JjN2M0YzAiOnsiY3JlYXRlIjoxMjAwMDAwMDAwMDAwLCJkZWxldGUiOjEyMDAwMDAwMDAwMDAsInVwZGF0ZSI6MTIwMDAwMDAwMDAwMH19",
          "dependencies": [
            "data.oci_core_services.all_oci_services",
            "oci_core_nat_gateway.generated_oci_core_nat_gateway",
            "oci_core_service_gateway.generated_oci_core_service_gateway",
            "oci_core_vcn.generated_oci_core_vcn"
          ]
        }
      ]
    },
    {
      "mode": "managed",
      "type": "oci_core_security_list",
      "name": "kubernetes_api_endpoint_sec_list",
      "provider": "provider[\"registry.terraform.io/hashicorp/oci\"]",
      "instances": [
        {
          "schema_version": 0,
          "attributes": {
            "compartment_id": "ocid1.tenancy.oc1..aaaaaaaajznex5attydtrmrgudwayqu7kn4krasw2ct4h4pwz7nwbfxoyd4q",
            "defined_tags": {
              "Oracle-Tags.CreatedBy": "identitycloudservice/chiping.hwang@oracle.com",
              "Oracle-Tags.CreatedOn": "2023-05-05T21:57:18.007Z",
              "ops.CreatedBy": "identitycloudservice/chiping.hwang@oracle.com",
              "ops.CreationDate": "2023-05-05T21:57:18.007Z"
            },
            "display_name": "oke-k8sApiEndpoint-quick-demo-cluster",
            "egress_security_rules": [
              {
                "description": "All traffic to worker nodes",
                "destination": "10.0.10.0/24",
                "destination_type": "CIDR_BLOCK",
                "icmp_options": [],
                "protocol": "6",
                "stateless": false,
                "tcp_options": [],
                "udp_options": []
              },
              {
                "description": "Allow Kubernetes Control Plane to communicate with OKE",
                "destination": "all-phx-services-in-oracle-services-network",
                "destination_type": "SERVICE_CIDR_BLOCK",
                "icmp_options": [],
                "protocol": "6",
                "stateless": false,
                "tcp_options": [],
                "udp_options": []
              },
              {
                "description": "Path discovery",
                "destination": "10.0.10.0/24",
                "destination_type": "CIDR_BLOCK",
                "icmp_options": [
                  {
                    "code": 4,
                    "type": 3
                  }
                ],
                "protocol": "1",
                "stateless": false,
                "tcp_options": [],
                "udp_options": []
              }
            ],
            "freeform_tags": {},
            "id": "ocid1.securitylist.oc1.phx.aaaaaaaa5vqkro5bfstuorb326p3wkdo337xdw6mltn26de27675zrgyrwoa",
            "ingress_security_rules": [
              {
                "description": "External access to Kubernetes API endpoint",
                "icmp_options": [],
                "protocol": "6",
                "source": "0.0.0.0/0",
                "source_type": "CIDR_BLOCK",
                "stateless": false,
                "tcp_options": [],
                "udp_options": []
              },
              {
                "description": "Kubernetes worker to Kubernetes API endpoint communication",
                "icmp_options": [],
                "protocol": "6",
                "source": "10.0.10.0/24",
                "source_type": "CIDR_BLOCK",
                "stateless": false,
                "tcp_options": [],
                "udp_options": []
              },
              {
                "description": "Kubernetes worker to control plane communication",
                "icmp_options": [],
                "protocol": "6",
                "source": "10.0.10.0/24",
                "source_type": "CIDR_BLOCK",
                "stateless": false,
                "tcp_options": [],
                "udp_options": []
              },
              {
                "description": "Path discovery",
                "icmp_options": [
                  {
                    "code": 4,
                    "type": 3
                  }
                ],
                "protocol": "1",
                "source": "10.0.10.0/24",
                "source_type": "CIDR_BLOCK",
                "stateless": false,
                "tcp_options": [],
                "udp_options": []
              }
            ],
            "state": "AVAILABLE",
            "time_created": "2023-05-05 21:57:18.05 +0000 UTC",
            "timeouts": null,
            "vcn_id": "ocid1.vcn.oc1.phx.amaaaaaanlc5nbyadxoe4t724cbi6gce5nl5entfg64vpj4udy5lparjxxsa"
          },
          "sensitive_attributes": [],
          "private": "eyJlMmJmYjczMC1lY2FhLTExZTYtOGY4OC0zNDM2M2JjN2M0YzAiOnsiY3JlYXRlIjoxMjAwMDAwMDAwMDAwLCJkZWxldGUiOjEyMDAwMDAwMDAwMDAsInVwZGF0ZSI6MTIwMDAwMDAwMDAwMH19",
          "dependencies": [
            "oci_core_vcn.generated_oci_core_vcn"
          ]
        }
      ]
    },
    {
      "mode": "managed",
      "type": "oci_core_security_list",
      "name": "node_sec_list",
      "provider": "provider[\"registry.terraform.io/hashicorp/oci\"]",
      "instances": [
        {
          "schema_version": 0,
          "attributes": {
            "compartment_id": "ocid1.tenancy.oc1..aaaaaaaajznex5attydtrmrgudwayqu7kn4krasw2ct4h4pwz7nwbfxoyd4q",
            "defined_tags": {
              "Oracle-Tags.CreatedBy": "identitycloudservice/chiping.hwang@oracle.com",
              "Oracle-Tags.CreatedOn": "2023-05-05T21:57:17.984Z",
              "ops.CreatedBy": "identitycloudservice/chiping.hwang@oracle.com",
              "ops.CreationDate": "2023-05-05T21:57:17.984Z"
            },
            "display_name": "oke-nodeseclist-quick-demo-cluster",
            "egress_security_rules": [
              {
                "description": "Access to Kubernetes API Endpoint",
                "destination": "10.0.0.0/28",
                "destination_type": "CIDR_BLOCK",
                "icmp_options": [],
                "protocol": "6",
                "stateless": false,
                "tcp_options": [],
                "udp_options": []
              },
              {
                "description": "Allow nodes to communicate with OKE to ensure correct start-up and continued functioning",
                "destination": "all-phx-services-in-oracle-services-network",
                "destination_type": "SERVICE_CIDR_BLOCK",
                "icmp_options": [],
                "protocol": "6",
                "stateless": false,
                "tcp_options": [],
                "udp_options": []
              },
              {
                "description": "Allow pods on one worker node to communicate with pods on other worker nodes",
                "destination": "10.0.10.0/24",
                "destination_type": "CIDR_BLOCK",
                "icmp_options": [],
                "protocol": "all",
                "stateless": false,
                "tcp_options": [],
                "udp_options": []
              },
              {
                "description": "ICMP Access from Kubernetes Control Plane",
                "destination": "0.0.0.0/0",
                "destination_type": "CIDR_BLOCK",
                "icmp_options": [
                  {
                    "code": 4,
                    "type": 3
                  }
                ],
                "protocol": "1",
                "stateless": false,
                "tcp_options": [],
                "udp_options": []
              },
              {
                "description": "Kubernetes worker to control plane communication",
                "destination": "10.0.0.0/28",
                "destination_type": "CIDR_BLOCK",
                "icmp_options": [],
                "protocol": "6",
                "stateless": false,
                "tcp_options": [],
                "udp_options": []
              },
              {
                "description": "Path discovery",
                "destination": "10.0.0.0/28",
                "destination_type": "CIDR_BLOCK",
                "icmp_options": [
                  {
                    "code": 4,
                    "type": 3
                  }
                ],
                "protocol": "1",
                "stateless": false,
                "tcp_options": [],
                "udp_options": []
              },
              {
                "description": "Worker Nodes access to Internet",
                "destination": "0.0.0.0/0",
                "destination_type": "CIDR_BLOCK",
                "icmp_options": [],
                "protocol": "all",
                "stateless": false,
                "tcp_options": [],
                "udp_options": []
              }
            ],
            "freeform_tags": {},
            "id": "ocid1.securitylist.oc1.phx.aaaaaaaactnnk73bpplyqgljdpjui5damqpkbo4ujfxwhtgtyqkkcui47rba",
            "ingress_security_rules": [
              {
                "description": "Allow pods on one worker node to communicate with pods on other worker nodes",
                "icmp_options": [],
                "protocol": "all",
                "source": "10.0.10.0/24",
                "source_type": "CIDR_BLOCK",
                "stateless": false,
                "tcp_options": [],
                "udp_options": []
              },
              {
                "description": "Inbound SSH traffic to worker nodes",
                "icmp_options": [],
                "protocol": "6",
                "source": "0.0.0.0/0",
                "source_type": "CIDR_BLOCK",
                "stateless": false,
                "tcp_options": [],
                "udp_options": []
              },
              {
                "description": "Path discovery",
                "icmp_options": [
                  {
                    "code": 4,
                    "type": 3
                  }
                ],
                "protocol": "1",
                "source": "10.0.0.0/28",
                "source_type": "CIDR_BLOCK",
                "stateless": false,
                "tcp_options": [],
                "udp_options": []
              },
              {
                "description": "TCP access from Kubernetes Control Plane",
                "icmp_options": [],
                "protocol": "6",
                "source": "10.0.0.0/28",
                "source_type": "CIDR_BLOCK",
                "stateless": false,
                "tcp_options": [],
                "udp_options": []
              }
            ],
            "state": "AVAILABLE",
            "time_created": "2023-05-05 21:57:18.041 +0000 UTC",
            "timeouts": null,
            "vcn_id": "ocid1.vcn.oc1.phx.amaaaaaanlc5nbyadxoe4t724cbi6gce5nl5entfg64vpj4udy5lparjxxsa"
          },
          "sensitive_attributes": [],
          "private": "eyJlMmJmYjczMC1lY2FhLTExZTYtOGY4OC0zNDM2M2JjN2M0YzAiOnsiY3JlYXRlIjoxMjAwMDAwMDAwMDAwLCJkZWxldGUiOjEyMDAwMDAwMDAwMDAsInVwZGF0ZSI6MTIwMDAwMDAwMDAwMH19",
          "dependencies": [
            "oci_core_vcn.generated_oci_core_vcn"
          ]
        }
      ]
    },
    {
      "mode": "managed",
      "type": "oci_core_security_list",
      "name": "service_lb_sec_list",
      "provider": "provider[\"registry.terraform.io/hashicorp/oci\"]",
      "instances": [
        {
          "schema_version": 0,
          "attributes": {
            "compartment_id": "ocid1.tenancy.oc1..aaaaaaaajznex5attydtrmrgudwayqu7kn4krasw2ct4h4pwz7nwbfxoyd4q",
            "defined_tags": {
              "Oracle-Tags.CreatedBy": "identitycloudservice/chiping.hwang@oracle.com",
              "Oracle-Tags.CreatedOn": "2023-05-05T21:57:18.000Z",
              "ops.CreatedBy": "identitycloudservice/chiping.hwang@oracle.com",
              "ops.CreationDate": "2023-05-05T21:57:17.999Z"
            },
            "display_name": "oke-svclbseclist-quick-demo-cluster",
            "egress_security_rules": [
              {
                "description": "Access to all",
                "destination": "0.0.0.0/0",
                "destination_type": "CIDR_BLOCK",
                "icmp_options": [],
                "protocol": "all",
                "stateless": false,
                "tcp_options": [],
                "udp_options": []
              }
            ],
            "freeform_tags": {},
            "id": "ocid1.securitylist.oc1.phx.aaaaaaaac4ufekodolo3sfnhbuxxllswyxyhh6pq3lzonksfauc55lgdezhq",
            "ingress_security_rules": [
              {
                "description": "Access to 443",
                "icmp_options": [],
                "protocol": "6",
                "source": "0.0.0.0/0",
                "source_type": "CIDR_BLOCK",
                "stateless": false,
                "tcp_options": [
                  {
                    "max": 443,
                    "min": 443,
                    "source_port_range": []
                  }
                ],
                "udp_options": []
              },
              {
                "description": "Access to 80",
                "icmp_options": [],
                "protocol": "6",
                "source": "0.0.0.0/0",
                "source_type": "CIDR_BLOCK",
                "stateless": false,
                "tcp_options": [
                  {
                    "max": 80,
                    "min": 80,
                    "source_port_range": []
                  }
                ],
                "udp_options": []
              }
            ],
            "state": "AVAILABLE",
            "time_created": "2023-05-05 21:57:18.044 +0000 UTC",
            "timeouts": null,
            "vcn_id": "ocid1.vcn.oc1.phx.amaaaaaanlc5nbyadxoe4t724cbi6gce5nl5entfg64vpj4udy5lparjxxsa"
          },
          "sensitive_attributes": [],
          "private": "eyJlMmJmYjczMC1lY2FhLTExZTYtOGY4OC0zNDM2M2JjN2M0YzAiOnsiY3JlYXRlIjoxMjAwMDAwMDAwMDAwLCJkZWxldGUiOjEyMDAwMDAwMDAwMDAsInVwZGF0ZSI6MTIwMDAwMDAwMDAwMH19",
          "dependencies": [
            "oci_core_vcn.generated_oci_core_vcn"
          ]
        }
      ]
    },
    {
      "mode": "managed",
      "type": "oci_core_service_gateway",
      "name": "generated_oci_core_service_gateway",
      "provider": "provider[\"registry.terraform.io/hashicorp/oci\"]",
      "instances": [
        {
          "schema_version": 0,
          "attributes": {
            "block_traffic": false,
            "compartment_id": "ocid1.tenancy.oc1..aaaaaaaajznex5attydtrmrgudwayqu7kn4krasw2ct4h4pwz7nwbfxoyd4q",
            "defined_tags": {
              "Oracle-Tags.CreatedBy": "identitycloudservice/chiping.hwang@oracle.com",
              "Oracle-Tags.CreatedOn": "2023-05-05T21:57:17.838Z",
              "ops.CreatedBy": "identitycloudservice/chiping.hwang@oracle.com",
              "ops.CreationDate": "2023-05-05T21:57:17.838Z"
            },
            "display_name": "oke-sgw-quick-demo-cluster",
            "freeform_tags": {},
            "id": "ocid1.servicegateway.oc1.phx.aaaaaaaaizaqnhmzrhymtgahatxqkbxvaxboywkv4qomd5a3wiq23lcahnua",
            "route_table_id": null,
            "services": [
              {
                "service_id": "ocid1.service.oc1.phx.aaaaaaaasgvxtsqcj2jkt2xppos637xym4ab5qqqptgwjd4guj7v3d26t7oa",
                "service_name": "All PHX Services In Oracle Services Network"
              }
            ],
            "state": "AVAILABLE",
            "time_created": "2023-05-05 21:57:18.605 +0000 UTC",
            "timeouts": null,
            "vcn_id": "ocid1.vcn.oc1.phx.amaaaaaanlc5nbyadxoe4t724cbi6gce5nl5entfg64vpj4udy5lparjxxsa"
          },
          "sensitive_attributes": [],
          "private": "eyJlMmJmYjczMC1lY2FhLTExZTYtOGY4OC0zNDM2M2JjN2M0YzAiOnsiY3JlYXRlIjoxMjAwMDAwMDAwMDAwLCJkZWxldGUiOjEyMDAwMDAwMDAwMDAsInVwZGF0ZSI6MTIwMDAwMDAwMDAwMH19",
          "dependencies": [
            "data.oci_core_services.all_oci_services",
            "oci_core_vcn.generated_oci_core_vcn"
          ]
        }
      ]
    },
    {
      "mode": "managed",
      "type": "oci_core_subnet",
      "name": "kubernetes_api_endpoint_subnet",
      "provider": "provider[\"registry.terraform.io/hashicorp/oci\"]",
      "instances": [
        {
          "schema_version": 0,
          "attributes": {
            "availability_domain": null,
            "cidr_block": "10.0.0.0/28",
            "compartment_id": "ocid1.tenancy.oc1..aaaaaaaajznex5attydtrmrgudwayqu7kn4krasw2ct4h4pwz7nwbfxoyd4q",
            "defined_tags": {
              "Oracle-Tags.CreatedBy": "identitycloudservice/chiping.hwang@oracle.com",
              "Oracle-Tags.CreatedOn": "2023-05-05T21:57:19.853Z",
              "ops.CreatedBy": "identitycloudservice/chiping.hwang@oracle.com",
              "ops.CreationDate": "2023-05-05T21:57:19.853Z"
            },
            "dhcp_options_id": "ocid1.dhcpoptions.oc1.phx.aaaaaaaa54vwyhzir5wfrym46iidtmdq7m5fajxzj3fd5m64i2267w5nhbzq",
            "display_name": "oke-k8sApiEndpoint-subnet-quick-demo-cluster-regional",
            "dns_label": null,
            "freeform_tags": {},
            "id": "ocid1.subnet.oc1.phx.aaaaaaaajqasixp7jo3lspvd2ivuwp73tkfb3nc6fxwomnxny3ftrcddvcpa",
            "ipv6cidr_block": null,
            "ipv6cidr_blocks": [],
            "ipv6virtual_router_ip": null,
            "prohibit_internet_ingress": false,
            "prohibit_public_ip_on_vnic": false,
            "route_table_id": "ocid1.routetable.oc1.phx.aaaaaaaaazj4sko57mzjzcziz5ufp24inoagps3dfmq4yaxndbhr2it7bzza",
            "security_list_ids": [
              "ocid1.securitylist.oc1.phx.aaaaaaaa5vqkro5bfstuorb326p3wkdo337xdw6mltn26de27675zrgyrwoa"
            ],
            "state": "AVAILABLE",
            "subnet_domain_name": null,
            "time_created": "2023-05-05 21:57:19.902 +0000 UTC",
            "timeouts": null,
            "vcn_id": "ocid1.vcn.oc1.phx.amaaaaaanlc5nbyadxoe4t724cbi6gce5nl5entfg64vpj4udy5lparjxxsa",
            "virtual_router_ip": "10.0.0.1",
            "virtual_router_mac": "00:00:17:E4:4D:9C"
          },
          "sensitive_attributes": [],
          "private": "eyJlMmJmYjczMC1lY2FhLTExZTYtOGY4OC0zNDM2M2JjN2M0YzAiOnsiY3JlYXRlIjoxMjAwMDAwMDAwMDAwLCJkZWxldGUiOjEyMDAwMDAwMDAwMDAsInVwZGF0ZSI6MTIwMDAwMDAwMDAwMH19",
          "dependencies": [
            "oci_core_default_route_table.generated_oci_core_default_route_table",
            "oci_core_internet_gateway.generated_oci_core_internet_gateway",
            "oci_core_security_list.kubernetes_api_endpoint_sec_list",
            "oci_core_vcn.generated_oci_core_vcn"
          ]
        }
      ]
    },
    {
      "mode": "managed",
      "type": "oci_core_subnet",
      "name": "node_subnet",
      "provider": "provider[\"registry.terraform.io/hashicorp/oci\"]",
      "instances": [
        {
          "schema_version": 0,
          "attributes": {
            "availability_domain": null,
            "cidr_block": "10.0.10.0/24",
            "compartment_id": "ocid1.tenancy.oc1..aaaaaaaajznex5attydtrmrgudwayqu7kn4krasw2ct4h4pwz7nwbfxoyd4q",
            "defined_tags": {
              "Oracle-Tags.CreatedBy": "identitycloudservice/chiping.hwang@oracle.com",
              "Oracle-Tags.CreatedOn": "2023-05-05T21:57:19.853Z",
              "ops.CreatedBy": "identitycloudservice/chiping.hwang@oracle.com",
              "ops.CreationDate": "2023-05-05T21:57:19.853Z"
            },
            "dhcp_options_id": "ocid1.dhcpoptions.oc1.phx.aaaaaaaa54vwyhzir5wfrym46iidtmdq7m5fajxzj3fd5m64i2267w5nhbzq",
            "display_name": "oke-nodesubnet-quick-demo-node",
            "dns_label": null,
            "freeform_tags": {},
            "id": "ocid1.subnet.oc1.phx.aaaaaaaaqq52teh433mj26mee55f2uskhom3butoc2pj3oqa62sro6pifc7a",
            "ipv6cidr_block": null,
            "ipv6cidr_blocks": [],
            "ipv6virtual_router_ip": null,
            "prohibit_internet_ingress": true,
            "prohibit_public_ip_on_vnic": true,
            "route_table_id": "ocid1.routetable.oc1.phx.aaaaaaaasjkltjwbwjhf23kk77rbfqy5bmf3eqogqxdn64qqcirfigskj6oa",
            "security_list_ids": [
              "ocid1.securitylist.oc1.phx.aaaaaaaactnnk73bpplyqgljdpjui5damqpkbo4ujfxwhtgtyqkkcui47rba"
            ],
            "state": "AVAILABLE",
            "subnet_domain_name": null,
            "time_created": "2023-05-05 21:57:21.252 +0000 UTC",
            "timeouts": null,
            "vcn_id": "ocid1.vcn.oc1.phx.amaaaaaanlc5nbyadxoe4t724cbi6gce5nl5entfg64vpj4udy5lparjxxsa",
            "virtual_router_ip": "10.0.10.1",
            "virtual_router_mac": "00:00:17:E4:4D:9C"
          },
          "sensitive_attributes": [],
          "private": "eyJlMmJmYjczMC1lY2FhLTExZTYtOGY4OC0zNDM2M2JjN2M0YzAiOnsiY3JlYXRlIjoxMjAwMDAwMDAwMDAwLCJkZWxldGUiOjEyMDAwMDAwMDAwMDAsInVwZGF0ZSI6MTIwMDAwMDAwMDAwMH19",
          "dependencies": [
            "data.oci_core_services.all_oci_services",
            "oci_core_nat_gateway.generated_oci_core_nat_gateway",
            "oci_core_route_table.generated_oci_core_route_table",
            "oci_core_security_list.node_sec_list",
            "oci_core_service_gateway.generated_oci_core_service_gateway",
            "oci_core_vcn.generated_oci_core_vcn"
          ]
        }
      ]
    },
    {
      "mode": "managed",
      "type": "oci_core_subnet",
      "name": "pod_subnet",
      "provider": "provider[\"registry.terraform.io/hashicorp/oci\"]",
      "instances": [
        {
          "schema_version": 0,
          "attributes": {
            "availability_domain": null,
            "cidr_block": "10.0.11.0/24",
            "compartment_id": "ocid1.tenancy.oc1..aaaaaaaajznex5attydtrmrgudwayqu7kn4krasw2ct4h4pwz7nwbfxoyd4q",
            "defined_tags": {
              "Oracle-Tags.CreatedBy": "identitycloudservice/chiping.hwang@oracle.com",
              "Oracle-Tags.CreatedOn": "2023-05-05T21:57:21.225Z",
              "ops.CreatedBy": "identitycloudservice/chiping.hwang@oracle.com",
              "ops.CreationDate": "2023-05-05T21:57:21.225Z"
            },
            "dhcp_options_id": "ocid1.dhcpoptions.oc1.phx.aaaaaaaa54vwyhzir5wfrym46iidtmdq7m5fajxzj3fd5m64i2267w5nhbzq",
            "display_name": "oke-nodesubnet-quick-demo-pod",
            "dns_label": null,
            "freeform_tags": {},
            "id": "ocid1.subnet.oc1.phx.aaaaaaaaonnsuwgrxvw7pdt5ypeahijciobuxikdozyxntp5rug4jut62xna",
            "ipv6cidr_block": null,
            "ipv6cidr_blocks": [],
            "ipv6virtual_router_ip": null,
            "prohibit_internet_ingress": true,
            "prohibit_public_ip_on_vnic": true,
            "route_table_id": "ocid1.routetable.oc1.phx.aaaaaaaasjkltjwbwjhf23kk77rbfqy5bmf3eqogqxdn64qqcirfigskj6oa",
            "security_list_ids": [
              "ocid1.securitylist.oc1.phx.aaaaaaaactnnk73bpplyqgljdpjui5damqpkbo4ujfxwhtgtyqkkcui47rba"
            ],
            "state": "AVAILABLE",
            "subnet_domain_name": null,
            "time_created": "2023-05-05 21:57:23.501 +0000 UTC",
            "timeouts": null,
            "vcn_id": "ocid1.vcn.oc1.phx.amaaaaaanlc5nbyadxoe4t724cbi6gce5nl5entfg64vpj4udy5lparjxxsa",
            "virtual_router_ip": "10.0.11.1",
            "virtual_router_mac": "00:00:17:E4:4D:9C"
          },
          "sensitive_attributes": [],
          "private": "eyJlMmJmYjczMC1lY2FhLTExZTYtOGY4OC0zNDM2M2JjN2M0YzAiOnsiY3JlYXRlIjoxMjAwMDAwMDAwMDAwLCJkZWxldGUiOjEyMDAwMDAwMDAwMDAsInVwZGF0ZSI6MTIwMDAwMDAwMDAwMH19",
          "dependencies": [
            "data.oci_core_services.all_oci_services",
            "oci_core_nat_gateway.generated_oci_core_nat_gateway",
            "oci_core_route_table.generated_oci_core_route_table",
            "oci_core_security_list.node_sec_list",
            "oci_core_service_gateway.generated_oci_core_service_gateway",
            "oci_core_vcn.generated_oci_core_vcn"
          ]
        }
      ]
    },
    {
      "mode": "managed",
      "type": "oci_core_subnet",
      "name": "service_lb_subnet",
      "provider": "provider[\"registry.terraform.io/hashicorp/oci\"]",
      "instances": [
        {
          "schema_version": 0,
          "attributes": {
            "availability_domain": null,
            "cidr_block": "10.0.20.0/24",
            "compartment_id": "ocid1.tenancy.oc1..aaaaaaaajznex5attydtrmrgudwayqu7kn4krasw2ct4h4pwz7nwbfxoyd4q",
            "defined_tags": {
              "Oracle-Tags.CreatedBy": "identitycloudservice/chiping.hwang@oracle.com",
              "Oracle-Tags.CreatedOn": "2023-05-05T21:57:19.992Z",
              "ops.CreatedBy": "identitycloudservice/chiping.hwang@oracle.com",
              "ops.CreationDate": "2023-05-05T21:57:19.992Z"
            },
            "dhcp_options_id": "ocid1.dhcpoptions.oc1.phx.aaaaaaaa54vwyhzir5wfrym46iidtmdq7m5fajxzj3fd5m64i2267w5nhbzq",
            "display_name": "oke-svclbsubnet-quick-demo-cluster-regional",
            "dns_label": "",
            "freeform_tags": {},
            "id": "ocid1.subnet.oc1.phx.aaaaaaaawmk2gg7hkamq4ul7snvh6hpvluz7uhd72uokxt2j7rsaiftz3j4q",
            "ipv6cidr_block": null,
            "ipv6cidr_blocks": [],
            "ipv6virtual_router_ip": null,
            "prohibit_internet_ingress": true,
            "prohibit_public_ip_on_vnic": true,
            "route_table_id": "ocid1.routetable.oc1.phx.aaaaaaaaazj4sko57mzjzcziz5ufp24inoagps3dfmq4yaxndbhr2it7bzza",
            "security_list_ids": [
              "ocid1.securitylist.oc1.phx.aaaaaaaa7xakdgwh2su2ee4hbcpytjhjhgg62x2oizj2ccp526ih4u2xxesq"
            ],
            "state": "AVAILABLE",
            "subnet_domain_name": null,
            "time_created": "2023-05-05 21:57:20.679 +0000 UTC",
            "timeouts": null,
            "vcn_id": "ocid1.vcn.oc1.phx.amaaaaaanlc5nbyadxoe4t724cbi6gce5nl5entfg64vpj4udy5lparjxxsa",
            "virtual_router_ip": "10.0.20.1",
            "virtual_router_mac": "00:00:17:E4:4D:9C"
          },
          "sensitive_attributes": [],
          "private": "eyJlMmJmYjczMC1lY2FhLTExZTYtOGY4OC0zNDM2M2JjN2M0YzAiOnsiY3JlYXRlIjoxMjAwMDAwMDAwMDAwLCJkZWxldGUiOjEyMDAwMDAwMDAwMDAsInVwZGF0ZSI6MTIwMDAwMDAwMDAwMH19",
          "dependencies": [
            "oci_core_default_route_table.generated_oci_core_default_route_table",
            "oci_core_internet_gateway.generated_oci_core_internet_gateway",
            "oci_core_vcn.generated_oci_core_vcn"
          ]
        }
      ]
    },
    {
      "mode": "managed",
      "type": "oci_core_vcn",
      "name": "generated_oci_core_vcn",
      "provider": "provider[\"registry.terraform.io/hashicorp/oci\"]",
      "instances": [
        {
          "schema_version": 0,
          "attributes": {
            "byoipv6cidr_blocks": [],
            "byoipv6cidr_details": null,
            "cidr_block": "10.0.0.0/16",
            "cidr_blocks": [
              "10.0.0.0/16"
            ],
            "compartment_id": "ocid1.tenancy.oc1..aaaaaaaajznex5attydtrmrgudwayqu7kn4krasw2ct4h4pwz7nwbfxoyd4q",
            "default_dhcp_options_id": "ocid1.dhcpoptions.oc1.phx.aaaaaaaa54vwyhzir5wfrym46iidtmdq7m5fajxzj3fd5m64i2267w5nhbzq",
            "default_route_table_id": "ocid1.routetable.oc1.phx.aaaaaaaaazj4sko57mzjzcziz5ufp24inoagps3dfmq4yaxndbhr2it7bzza",
            "default_security_list_id": "ocid1.securitylist.oc1.phx.aaaaaaaa7xakdgwh2su2ee4hbcpytjhjhgg62x2oizj2ccp526ih4u2xxesq",
            "defined_tags": {
              "Oracle-Tags.CreatedBy": "identitycloudservice/chiping.hwang@oracle.com",
              "Oracle-Tags.CreatedOn": "2023-05-05T21:57:16.819Z",
              "ops.CreatedBy": "identitycloudservice/chiping.hwang@oracle.com",
              "ops.CreationDate": "2023-05-05T21:57:16.819Z"
            },
            "display_name": "oke-vcn-quick-demo-cluster",
            "dns_label": null,
            "freeform_tags": {},
            "id": "ocid1.vcn.oc1.phx.amaaaaaanlc5nbyadxoe4t724cbi6gce5nl5entfg64vpj4udy5lparjxxsa",
            "ipv6cidr_blocks": [],
            "ipv6private_cidr_blocks": [],
            "is_ipv6enabled": false,
            "is_oracle_gua_allocation_enabled": null,
            "state": "AVAILABLE",
            "time_created": "2023-05-05 21:57:16.984 +0000 UTC",
            "timeouts": null,
            "vcn_domain_name": null
          },
          "sensitive_attributes": [],
          "private": "eyJlMmJmYjczMC1lY2FhLTExZTYtOGY4OC0zNDM2M2JjN2M0YzAiOnsiY3JlYXRlIjoxMjAwMDAwMDAwMDAwLCJkZWxldGUiOjEyMDAwMDAwMDAwMDAsInVwZGF0ZSI6MTIwMDAwMDAwMDAwMH19"
        }
      ]
    },
    {
      "mode": "managed",
      "type": "oci_identity_policy",
      "name": "oke_virtual_node_policy",
      "provider": "provider[\"registry.terraform.io/hashicorp/oci\"].home",
      "instances": [
        {
          "index_key": 0,
          "schema_version": 0,
          "attributes": {
            "ETag": "da08473ab5d1b9a46bddd7e5586358692023d5d1",
            "compartment_id": "ocid1.tenancy.oc1..aaaaaaaajznex5attydtrmrgudwayqu7kn4krasw2ct4h4pwz7nwbfxoyd4q",
            "defined_tags": {
              "Oracle-Tags.CreatedBy": "identitycloudservice/chiping.hwang@oracle.com",
              "Oracle-Tags.CreatedOn": "2023-05-05T21:57:17.617Z",
              "ops.CreatedBy": "identitycloudservice/chiping.hwang@oracle.com",
              "ops.CreationDate": "2023-05-05T21:57:17.617Z"
            },
            "description": "policy to allow Virtual Nodes to use COntianer Instances",
            "freeform_tags": {},
            "id": "ocid1.policy.oc1..aaaaaaaa4kvuhksmbhd76f7ryk2pmct6org5i33ulgqsoasqh33tn7dnf4ya",
            "inactive_state": null,
            "lastUpdateETag": "da08473ab5d1b9a46bddd7e5586358692023d5d1",
            "name": "oke_virtual_node_policy",
            "policyHash": "af2937875b07afb35d77875efec4e4bd",
            "state": "ACTIVE",
            "statements": [
              "define tenancy ske as ocid1.tenancy.oc1..aaaaaaaacrvwsphodcje6wfbc3xsixhzcan5zihki6bvc7xkwqds4tqhzbaq",
              "define compartment ske_compartment as ocid1.compartment.oc1..aaaaaaaa2bou6r766wmrh5zt3vhu2rwdya7ahn4dfdtwzowb662cmtdc5fea",
              "endorse any-user to associate compute-container-instances in compartment ske_compartment of tenancy ske with subnets in tenancy where ALL {request.principal.type='virtualnode',request.operation='CreateContainerInstance',request.principal.subnet=2.subnet.id}",
              "endorse any-user to associate compute-container-instances in compartment ske_compartment of tenancy ske with vnics in tenancy where ALL {request.principal.type='virtualnode',request.operation='CreateContainerInstance',request.principal.subnet=2.subnet.id}",
              "endorse any-user to associate compute-container-instances in compartment ske_compartment of tenancy ske with network-security-group in tenancy where ALL {request.principal.type='virtualnode',request.operation='CreateContainerInstance'}"
            ],
            "time_created": "2023-05-05 21:57:17.668 +0000 UTC",
            "timeouts": null,
            "version_date": null
          },
          "sensitive_attributes": [],
          "private": "eyJlMmJmYjczMC1lY2FhLTExZTYtOGY4OC0zNDM2M2JjN2M0YzAiOnsiY3JlYXRlIjoxMjAwMDAwMDAwMDAwLCJkZWxldGUiOjEyMDAwMDAwMDAwMDAsInVwZGF0ZSI6MTIwMDAwMDAwMDAwMH19",
          "dependencies": [
            "data.oci_identity_regions.regions",
            "data.oci_identity_tenancy.tenancy"
          ]
        }
      ]
    },
    {
      "mode": "managed",
      "type": "time_sleep",
      "name": "wait_1min_demo",
      "provider": "provider[\"registry.terraform.io/hashicorp/time\"]",
      "instances": [
        {
          "index_key": 0,
          "schema_version": 0,
          "attributes": {
            "create_duration": "30s",
            "destroy_duration": null,
            "id": "2023-05-05T22:09:54Z",
            "triggers": null
          },
          "sensitive_attributes": [],
          "dependencies": [
            "data.oci_containerengine_cluster_kube_config.virtual_cluster_kube_config",
            "data.oci_core_services.all_oci_services",
            "data.oci_identity_availability_domains.ad",
            "data.oci_identity_fault_domains.fd",
            "local_file.kubeconfig",
            "oci_containerengine_cluster.generated_oci_containerengine_cluster",
            "oci_containerengine_virtual_node_pool.create_node_pool_details0",
            "oci_core_default_route_table.generated_oci_core_default_route_table",
            "oci_core_internet_gateway.generated_oci_core_internet_gateway",
            "oci_core_nat_gateway.generated_oci_core_nat_gateway",
            "oci_core_route_table.generated_oci_core_route_table",
            "oci_core_security_list.kubernetes_api_endpoint_sec_list",
            "oci_core_security_list.node_sec_list",
            "oci_core_service_gateway.generated_oci_core_service_gateway",
            "oci_core_subnet.kubernetes_api_endpoint_subnet",
            "oci_core_subnet.node_subnet",
            "oci_core_subnet.pod_subnet",
            "oci_core_subnet.service_lb_subnet",
            "oci_core_vcn.generated_oci_core_vcn"
          ]
        }
      ]
    },
    {
      "mode": "managed",
      "type": "time_sleep",
      "name": "wait_1min_demo1",
      "provider": "provider[\"registry.terraform.io/hashicorp/time\"]",
      "instances": [
        {
          "index_key": 0,
          "schema_version": 0,
          "attributes": {
            "create_duration": "30s",
            "destroy_duration": null,
            "id": "2023-05-05T22:09:54Z",
            "triggers": null
          },
          "sensitive_attributes": [],
          "dependencies": [
            "data.oci_containerengine_cluster_kube_config.virtual_cluster_kube_config",
            "data.oci_core_services.all_oci_services",
            "data.oci_identity_availability_domains.ad",
            "data.oci_identity_fault_domains.fd",
            "local_file.kubeconfig",
            "oci_containerengine_cluster.generated_oci_containerengine_cluster",
            "oci_containerengine_virtual_node_pool.create_node_pool_details0",
            "oci_core_default_route_table.generated_oci_core_default_route_table",
            "oci_core_internet_gateway.generated_oci_core_internet_gateway",
            "oci_core_nat_gateway.generated_oci_core_nat_gateway",
            "oci_core_route_table.generated_oci_core_route_table",
            "oci_core_security_list.kubernetes_api_endpoint_sec_list",
            "oci_core_security_list.node_sec_list",
            "oci_core_service_gateway.generated_oci_core_service_gateway",
            "oci_core_subnet.kubernetes_api_endpoint_subnet",
            "oci_core_subnet.node_subnet",
            "oci_core_subnet.pod_subnet",
            "oci_core_subnet.service_lb_subnet",
            "oci_core_vcn.generated_oci_core_vcn"
          ]
        }
      ]
    },
    {
      "mode": "managed",
      "type": "time_sleep",
      "name": "wait_1min_demo2",
      "provider": "provider[\"registry.terraform.io/hashicorp/time\"]",
      "instances": [
        {
          "index_key": 0,
          "schema_version": 0,
          "attributes": {
            "create_duration": "30s",
            "destroy_duration": null,
            "id": "2023-05-05T22:09:54Z",
            "triggers": null
          },
          "sensitive_attributes": [],
          "dependencies": [
            "data.oci_containerengine_cluster_kube_config.virtual_cluster_kube_config",
            "data.oci_core_services.all_oci_services",
            "data.oci_identity_availability_domains.ad",
            "data.oci_identity_fault_domains.fd",
            "local_file.kubeconfig",
            "oci_containerengine_cluster.generated_oci_containerengine_cluster",
            "oci_containerengine_virtual_node_pool.create_node_pool_details0",
            "oci_core_default_route_table.generated_oci_core_default_route_table",
            "oci_core_internet_gateway.generated_oci_core_internet_gateway",
            "oci_core_nat_gateway.generated_oci_core_nat_gateway",
            "oci_core_route_table.generated_oci_core_route_table",
            "oci_core_security_list.kubernetes_api_endpoint_sec_list",
            "oci_core_security_list.node_sec_list",
            "oci_core_service_gateway.generated_oci_core_service_gateway",
            "oci_core_subnet.kubernetes_api_endpoint_subnet",
            "oci_core_subnet.node_subnet",
            "oci_core_subnet.pod_subnet",
            "oci_core_subnet.service_lb_subnet",
            "oci_core_vcn.generated_oci_core_vcn"
          ]
        }
      ]
    }
  ],
  "check_results": null
}
